
Microsoft Visual Studio Solution File, Format Version 12.00
# Visual Studio Version 16
VisualStudioVersion = 16.0.31613.86
MinimumVisualStudioVersion = 10.0.40219.1
Project("{FAE04EC0-301F-11D3-BF4B-00C04F79EFBC}") = "pageviews", "pageviews.csproj", "{B6159B3A-0110-4C8E-8788-AE232160BDE1}"
EndProject
Global
	GlobalSection(SolutionConfigurationPlatforms) = preSolution
		Debug|Any CPU = Debug|Any CPU
		Release|Any CPU = Release|Any CPU
	EndGlobalSection
	GlobalSection(ProjectConfigurationPlatforms) = postSolution
		{B6159B3A-0110-4C8E-8788-AE232160BDE1}.Debug|Any CPU.ActiveCfg = Debug|Any CPU
		{B6159B3A-0110-4C8E-8788-AE232160BDE1}.Debug|Any CPU.Build.0 = Debug|Any CPU
		{B6159B3A-0110-4C8E-8788-AE232160BDE1}.Release|Any CPU.ActiveCfg = Release|Any CPU
		{B6159B3A-0110-4C8E-8788-AE232160BDE1}.Release|Any CPU.Build.0 = Release|Any CPU
	EndGlobalSection
	GlobalSection(SolutionProperties) = preSolution
		HideSolutionNode = FALSE
	EndGlobalSection
	GlobalSection(ExtensibilityGlobals) = postSolution
		SolutionGuid = {F5237F72-61C9-45C5-9800-B47D53A80E3D}
	EndGlobalSection
EndGlobal
